
Microsoft Visual Studio Solution File, Format Version 12.00
# Visual Studio Version 16
VisualStudioVersion = 16.0.29905.134
MinimumVisualStudioVersion = 10.0.40219.1
Project("{FAE04EC0-301F-11D3-BF4B-00C04F79EFBC}") = "StepAssignment221DateTime", "StepAssignment221DateTime.csproj", "{A7E96650-458E-4325-8096-3BF6FEDCD4E8}"
EndProject
Global
	GlobalSection(SolutionConfigurationPlatforms) = preSolution
		Debug|Any CPU = Debug|Any CPU
		Release|Any CPU = Release|Any CPU
	EndGlobalSection
	GlobalSection(ProjectConfigurationPlatforms) = postSolution
		{A7E96650-458E-4325-8096-3BF6FEDCD4E8}.Debug|Any CPU.ActiveCfg = Debug|Any CPU
		{A7E96650-458E-4325-8096-3BF6FEDCD4E8}.Debug|Any CPU.Build.0 = Debug|Any CPU
		{A7E96650-458E-4325-8096-3BF6FEDCD4E8}.Release|Any CPU.ActiveCfg = Release|Any CPU
		{A7E96650-458E-4325-8096-3BF6FEDCD4E8}.Release|Any CPU.Build.0 = Release|Any CPU
	EndGlobalSection
	GlobalSection(SolutionProperties) = preSolution
		HideSolutionNode = FALSE
	EndGlobalSection
	GlobalSection(ExtensibilityGlobals) = postSolution
		SolutionGuid = {7156CC6C-F5B2-44A9-959E-904BF8671DE8}
	EndGlobalSection
EndGlobal
