
Microsoft Visual Studio Solution File, Format Version 12.00
# Visual Studio Version 16
VisualStudioVersion = 16.0.29911.84
MinimumVisualStudioVersion = 10.0.40219.1
Project("{FAE04EC0-301F-11D3-BF4B-00C04F79EFBC}") = "CarInsAppMVC", "CarInsAppMVC.csproj", "{5E5E2151-3CC6-4DA1-9A26-17EEDB89ADFD}"
EndProject
Global
	GlobalSection(SolutionConfigurationPlatforms) = preSolution
		Debug|Any CPU = Debug|Any CPU
		Release|Any CPU = Release|Any CPU
	EndGlobalSection
	GlobalSection(ProjectConfigurationPlatforms) = postSolution
		{5E5E2151-3CC6-4DA1-9A26-17EEDB89ADFD}.Debug|Any CPU.ActiveCfg = Debug|Any CPU
		{5E5E2151-3CC6-4DA1-9A26-17EEDB89ADFD}.Debug|Any CPU.Build.0 = Debug|Any CPU
		{5E5E2151-3CC6-4DA1-9A26-17EEDB89ADFD}.Release|Any CPU.ActiveCfg = Release|Any CPU
		{5E5E2151-3CC6-4DA1-9A26-17EEDB89ADFD}.Release|Any CPU.Build.0 = Release|Any CPU
	EndGlobalSection
	GlobalSection(SolutionProperties) = preSolution
		HideSolutionNode = FALSE
	EndGlobalSection
	GlobalSection(ExtensibilityGlobals) = postSolution
		SolutionGuid = {E9A3595D-01E1-49B1-B6C6-E04DFE3C2363}
	EndGlobalSection
EndGlobal
