
Microsoft Visual Studio Solution File, Format Version 12.00
# Visual Studio Version 16
VisualStudioVersion = 16.0.29905.134
MinimumVisualStudioVersion = 10.0.40219.1
Project("{FAE04EC0-301F-11D3-BF4B-00C04F79EFBC}") = "StepAssignment176AbstractBaseClasses", "StepAssignment176AbstractBaseClasses.csproj", "{43100A46-E2C1-4A15-910B-DD16591F6CB1}"
EndProject
Global
	GlobalSection(SolutionConfigurationPlatforms) = preSolution
		Debug|Any CPU = Debug|Any CPU
		Release|Any CPU = Release|Any CPU
	EndGlobalSection
	GlobalSection(ProjectConfigurationPlatforms) = postSolution
		{43100A46-E2C1-4A15-910B-DD16591F6CB1}.Debug|Any CPU.ActiveCfg = Debug|Any CPU
		{43100A46-E2C1-4A15-910B-DD16591F6CB1}.Debug|Any CPU.Build.0 = Debug|Any CPU
		{43100A46-E2C1-4A15-910B-DD16591F6CB1}.Release|Any CPU.ActiveCfg = Release|Any CPU
		{43100A46-E2C1-4A15-910B-DD16591F6CB1}.Release|Any CPU.Build.0 = Release|Any CPU
	EndGlobalSection
	GlobalSection(SolutionProperties) = preSolution
		HideSolutionNode = FALSE
	EndGlobalSection
	GlobalSection(ExtensibilityGlobals) = postSolution
		SolutionGuid = {E2190713-E8E6-4287-96F4-746A7E51E5C1}
	EndGlobalSection
EndGlobal
