
Microsoft Visual Studio Solution File, Format Version 12.00
# Visual Studio Version 16
VisualStudioVersion = 16.0.29613.14
MinimumVisualStudioVersion = 10.0.40219.1
Project("{FAE04EC0-301F-11D3-BF4B-00C04F79EFBC}") = "Step89AssignmentMathAndComparisonOperators", "Step89AssignmentMathAndComparisonOperators.csproj", "{19F85B8D-864A-4908-90F3-7A78F3E59787}"
EndProject
Global
	GlobalSection(SolutionConfigurationPlatforms) = preSolution
		Debug|Any CPU = Debug|Any CPU
		Release|Any CPU = Release|Any CPU
	EndGlobalSection
	GlobalSection(ProjectConfigurationPlatforms) = postSolution
		{19F85B8D-864A-4908-90F3-7A78F3E59787}.Debug|Any CPU.ActiveCfg = Debug|Any CPU
		{19F85B8D-864A-4908-90F3-7A78F3E59787}.Debug|Any CPU.Build.0 = Debug|Any CPU
		{19F85B8D-864A-4908-90F3-7A78F3E59787}.Release|Any CPU.ActiveCfg = Release|Any CPU
		{19F85B8D-864A-4908-90F3-7A78F3E59787}.Release|Any CPU.Build.0 = Release|Any CPU
	EndGlobalSection
	GlobalSection(SolutionProperties) = preSolution
		HideSolutionNode = FALSE
	EndGlobalSection
	GlobalSection(ExtensibilityGlobals) = postSolution
		SolutionGuid = {F0D26E06-8C0B-4F9C-9128-658627028737}
	EndGlobalSection
EndGlobal
